<?xml version="1.0" encoding="UTF-8" standalone="yes" ?>
<CodeBlocks_project_file>
	<FileVersion major="1" minor="6" />
	<Project>
		<Option title="pacman" />
		<Option pch_mode="2" />
		<Option compiler="gcc" />
		<Build>
			<Target title="Debug">
				<Option output="bin/Debug/pacman" prefix_auto="1" extension_auto="1" />
				<Option object_output="obj/Debug/" />
				<Option type="1" />
				<Option compiler="gcc" />
				<Compiler>
					<Add option="-g" />
				</Compiler>
			</Target>
			<Target title="Release">
				<Option output="bin/Release/pacman" prefix_auto="1" extension_auto="1" />
				<Option object_output="obj/Release/" />
				<Option type="1" />
				<Option compiler="gcc" />
				<Compiler>
					<Add option="-O2" />
				</Compiler>
				<Linker>
					<Add option="-s" />
				</Linker>
			</Target>
		</Build>
		<Compiler>
			<Add option="-Wall" />
			<Add option="-std=c++11" />
			<Add directory="../qtbase-small-5.6.3-x64/include" />
		</Compiler>
		<Linker>
			<Add option="-lqwindows -lQt5Widgets -lQt5Gui -lQt5PlatformSupport -lQt5Core -lqtmain -lqtharfbuzzng -lqtfreetype -lqtpcre" />
			<Add option="-lkernel32 -luser32 -luuid -lgdi32 -lcomdlg32 -limm32 -lole32 -loleaut32 -lopengl32 -lshell32 -luxtheme -lversion -lwinmm -lws2_32" />
			<Add directory="../qtbase-small-5.6.3-x64/lib" />
			<Add directory="../qtbase-small-5.6.3-x64/plugins/platforms" />
		</Linker>
		<Unit filename="jeu.cpp" />
		<Unit filename="jeu.h" />
		<Unit filename="main.cpp" />
		<Unit filename="pacmanwindow.cpp" />
		<Unit filename="pacmanwindow.h" />
		<Extensions>
			<code_completion />
			<debugger />
			<envvars />
		</Extensions>
	</Project>
</CodeBlocks_project_file>
